
Microsoft Visual Studio Solution File, Format Version 12.00
# Visual Studio Version 16
VisualStudioVersion = 16.0.30011.22
MinimumVisualStudioVersion = 10.0.40219.1
Project("{FAE04EC0-301F-11D3-BF4B-00C04F79EFBC}") = "Projet S4 (3)", "Projet S4 (3)\Projet S4 (3).csproj", "{6426DF50-A800-4515-851D-F4092F758E8B}"
EndProject
Project("{FAE04EC0-301F-11D3-BF4B-00C04F79EFBC}") = "UnitTestProject1", "UnitTestProject1\UnitTestProject1.csproj", "{A2F80ACA-A5F0-4C72-9B98-75F1CABDA579}"
EndProject
Global
	GlobalSection(SolutionConfigurationPlatforms) = preSolution
		Debug|Any CPU = Debug|Any CPU
		Release|Any CPU = Release|Any CPU
	EndGlobalSection
	GlobalSection(ProjectConfigurationPlatforms) = postSolution
		{6426DF50-A800-4515-851D-F4092F758E8B}.Debug|Any CPU.ActiveCfg = Debug|Any CPU
		{6426DF50-A800-4515-851D-F4092F758E8B}.Debug|Any CPU.Build.0 = Debug|Any CPU
		{6426DF50-A800-4515-851D-F4092F758E8B}.Release|Any CPU.ActiveCfg = Release|Any CPU
		{6426DF50-A800-4515-851D-F4092F758E8B}.Release|Any CPU.Build.0 = Release|Any CPU
		{A2F80ACA-A5F0-4C72-9B98-75F1CABDA579}.Debug|Any CPU.ActiveCfg = Debug|Any CPU
		{A2F80ACA-A5F0-4C72-9B98-75F1CABDA579}.Debug|Any CPU.Build.0 = Debug|Any CPU
		{A2F80ACA-A5F0-4C72-9B98-75F1CABDA579}.Release|Any CPU.ActiveCfg = Release|Any CPU
		{A2F80ACA-A5F0-4C72-9B98-75F1CABDA579}.Release|Any CPU.Build.0 = Release|Any CPU
	EndGlobalSection
	GlobalSection(SolutionProperties) = preSolution
		HideSolutionNode = FALSE
	EndGlobalSection
	GlobalSection(ExtensibilityGlobals) = postSolution
		SolutionGuid = {65E450A6-7082-4381-82B8-CB70E91F2116}
	EndGlobalSection
EndGlobal
